
Microsoft Visual Studio Solution File, Format Version 12.00
# Visual Studio Version 17
VisualStudioVersion = 17.11.35327.3
MinimumVisualStudioVersion = 10.0.40219.1
Project("{FAE04EC0-301F-11D3-BF4B-00C04F79EFBC}") = "BookstoreManagement", "BookstoreManagement.csproj", "{16704247-A3E6-4B0D-8B5F-081A7A269C30}"
EndProject
Global
	GlobalSection(SolutionConfigurationPlatforms) = preSolution
		Debug|Any CPU = Debug|Any CPU
		Release|Any CPU = Release|Any CPU
	EndGlobalSection
	GlobalSection(ProjectConfigurationPlatforms) = postSolution
		{16704247-A3E6-4B0D-8B5F-081A7A269C30}.Debug|Any CPU.ActiveCfg = Debug|Any CPU
		{16704247-A3E6-4B0D-8B5F-081A7A269C30}.Debug|Any CPU.Build.0 = Debug|Any CPU
		{16704247-A3E6-4B0D-8B5F-081A7A269C30}.Release|Any CPU.ActiveCfg = Release|Any CPU
		{16704247-A3E6-4B0D-8B5F-081A7A269C30}.Release|Any CPU.Build.0 = Release|Any CPU
	EndGlobalSection
	GlobalSection(SolutionProperties) = preSolution
		HideSolutionNode = FALSE
	EndGlobalSection
	GlobalSection(ExtensibilityGlobals) = postSolution
		SolutionGuid = {8F183676-4D54-496A-B02C-E687BF36D913}
	EndGlobalSection
EndGlobal
